github.com/google/uuid v1.6.0 h1:NIvaJDMOsjHA8n1jAhLSgzrAzy1Hgr+hNrb57e+94F0=
github.com/google/uuid v1.6.0/go.mod h1:TIyPZe4MgqvfeYDBFedMoGGpEw/LqOeaOT+nhxU+yHo=
github.com/ollama/ollama v0.3.13 h1:18V9hiNPiKXAlqVI0qhD6m6kGx8tyaVaWY0oJNGYXTU=
github.com/ollama/ollama v0.3.13/go.mod h1:YrWoNkFnPOYsnDvsf/Ztb1wxU9/IXrNsQHqcxbY2r94=
